{
  "name": "@hydra-platform/root",
  "version": "0.0.0",
  "lockfileVersion": 3,
  "requires": true,
  "packages": {
    "": {
      "name": "@hydra-platform/root",
      "version": "0.0.0",
      "workspaces": [
        "packages/*"
      ],
      "engines": {
        "node": ">=24"
      }
    },
    "node_modules/@hydra-platform/adversary": {
      "resolved": "packages/adversary",
      "link": true
    },
    "node_modules/@hydra-platform/channel": {
      "resolved": "packages/channel",
      "link": true
    },
    "node_modules/@hydra-platform/claims": {
      "resolved": "packages/claims",
      "link": true
    },
    "node_modules/@hydra-platform/cli": {
      "resolved": "packages/cli",
      "link": true
    },
    "node_modules/@hydra-platform/client": {
      "resolved": "packages/client",
      "link": true
    },
    "node_modules/@hydra-platform/identity": {
      "resolved": "packages/identity",
      "link": true
    },
    "node_modules/@hydra-platform/operator": {
      "resolved": "packages/operator",
      "link": true
    },
    "node_modules/@hydra-platform/tui": {
      "resolved": "packages/tui",
      "link": true
    },
    "node_modules/@hydra-platform/vault-client": {
      "resolved": "packages/vault-client",
      "link": true
    },
    "node_modules/@hydra-platform/vault-server": {
      "resolved": "packages/vault-server",
      "link": true
    },
    "packages/adversary": {
      "name": "@hydra-platform/adversary",
      "version": "0.0.0",
      "engines": {
        "node": ">=24"
      }
    },
    "packages/channel": {
      "name": "@hydra-platform/channel",
      "version": "0.0.0",
      "dependencies": {
        "@scure/starknet": "^2.4.0"
      },
      "engines": {
        "node": ">=24"
      }
    },
    "packages/channel/node_modules/@noble/curves": {
      "version": "2.4.0",
      "license": "MIT",
      "dependencies": {
        "@noble/hashes": "2.4.0"
      },
      "engines": {
        "node": ">= 20.19.0"
      },
      "funding": {
        "url": "https://paulmillr.com/funding/"
      }
    },
    "packages/channel/node_modules/@noble/hashes": {
      "version": "2.4.0",
      "license": "MIT",
      "engines": {
        "node": ">= 20.19.0"
      },
      "funding": {
        "url": "https://paulmillr.com/funding/"
      }
    },
    "packages/channel/node_modules/@scure/starknet": {
      "version": "2.4.0",
      "license": "MIT",
      "dependencies": {
        "@noble/curves": "2.4.0",
        "@noble/hashes": "2.4.0"
      },
      "engines": {
        "node": ">= 20.19.0"
      },
      "funding": {
        "url": "https://paulmillr.com/funding/"
      }
    },
    "packages/claims": {
      "name": "@hydra-platform/claims",
      "version": "0.0.0",
      "engines": {
        "node": ">=24"
      }
    },
    "packages/cli": {
      "name": "@hydra-platform/cli",
      "version": "0.0.0",
      "bin": {
        "hydra": "src/cli.ts"
      },
      "engines": {
        "node": ">=24"
      }
    },
    "packages/client": {
      "name": "@hydra-platform/client",
      "version": "0.0.0",
      "engines": {
        "node": ">=24"
      }
    },
    "packages/identity": {
      "name": "@hydra-platform/identity",
      "version": "0.0.0",
      "devDependencies": {
        "@types/node": "^24.13.3",
        "typescript": "^5.9.3"
      },
      "engines": {
        "node": ">=24"
      }
    },
    "packages/identity/node_modules/@types/node": {
      "version": "24.13.3",
      "dev": true,
      "license": "MIT",
      "dependencies": {
        "undici-types": "~7.18.0"
      }
    },
    "packages/identity/node_modules/typescript": {
      "version": "5.9.3",
      "dev": true,
      "license": "Apache-2.0",
      "bin": {
        "tsc": "bin/tsc",
        "tsserver": "bin/tsserver"
      },
      "engines": {
        "node": ">=14.17"
      }
    },
    "packages/identity/node_modules/undici-types": {
      "version": "7.18.2",
      "dev": true,
      "license": "MIT"
    },
    "packages/operator": {
      "name": "@hydra-platform/operator",
      "version": "0.0.0",
      "engines": {
        "node": ">=24"
      }
    },
    "packages/tui": {
      "name": "@hydra-platform/tui",
      "version": "0.0.0",
      "bin": {
        "hydra-tui": "src/main.ts"
      },
      "engines": {
        "node": ">=24"
      }
    },
    "packages/vault-client": {
      "name": "@hydra-platform/vault-client",
      "version": "0.0.0",
      "engines": {
        "node": ">=24"
      }
    },
    "packages/vault-server": {
      "name": "@hydra-platform/vault-server",
      "version": "0.0.0",
      "bin": {
        "hydra-vault": "src/main.ts"
      },
      "engines": {
        "node": ">=24"
      }
    }
  }
}
